// !$*UTF8*$!
{
	archiveVersion = 1;
	classes = {
	};
	objectVersion = 50;
	objects = {

/* Begin PBXBuildFile section */
		16AD4AC423A447C700F350CA /* AppDelegate.swift in Sources */ = {isa = PBXBuildFile; fileRef = 16AD4AC323A447C700F350CA /* AppDelegate.swift */; };
		16AD4AC623A447C700F350CA /* ViewController.swift in Sources */ = {isa = PBXBuildFile; fileRef = 16AD4AC523A447C700F350CA /* ViewController.swift */; };
		16AD4AC823A447C700F350CA /* Assets.xcassets in Resources */ = {isa = PBXBuildFile; fileRef = 16AD4AC723A447C700F350CA /* Assets.xcassets */; };
		16AD4ACB23A447C700F350CA /* Main.storyboard in Resources */ = {isa = PBXBuildFile; fileRef = 16AD4AC923A447C700F350CA /* Main.storyboard */; };
/* End PBXBuildFile section */

/* Begin PBXFileReference section */
		16AD4AC023A447C700F350CA /* TerraTouchbar.app */ = {isa = PBXFileReference; explicitFileType = wrapper.application; includeInIndex = 0; path = TerraTouchbar.app; sourceTree = BUILT_PRODUCTS_DIR; };
		16AD4AC323A447C700F350CA /* AppDelegate.swift */ = {isa = PBXFileReference; lastKnownFileType = sourcecode.swift; path = AppDelegate.swift; sourceTree = "<group>"; };
		16AD4AC523A447C700F350CA /* ViewController.swift */ = {isa = PBXFileReference; lastKnownFileType = sourcecode.swift; path = ViewController.swift; sourceTree = "<group>"; };
		16AD4AC723A447C700F350CA /* Assets.xcassets */ = {isa = PBXFileReference; lastKnownFileType = folder.assetcatalog; path = Assets.xcassets; sourceTree = "<group>"; };
		16AD4ACA23A447C700F350CA /* Base */ = {isa = PBXFileReference; lastKnownFileType = file.storyboard; name = Base; path = Base.lproj/Main.storyboard; sourceTree = "<group>"; };
		16AD4ACC23A447C700F350CA /* Info.plist */ = {isa = PBXFileReference; lastKnownFileType = text.plist.xml; path = Info.plist; sourceTree = "<group>"; };
		16AD4ACD23A447C700F350CA /* TerraTouchbar.entitlements */ = {isa = PBXFileReference; lastKnownFileType = text.plist.entitlements; path = TerraTouchbar.entitlements; sourceTree = "<group>"; };
/* End PBXFileReference section */

/* Begin PBXFrameworksBuildPhase section */
		16AD4ABD23A447C700F350CA /* Frameworks */ = {
			isa = PBXFrameworksBuildPhase;
			buildActionMask = 2147483647;
			files = (
			);
			runOnlyForDeploymentPostprocessing = 0;
		};
/* End PBXFrameworksBuildPhase section */

/* Begin PBXGroup section */
		16AD4AB723A447C700F350CA = {
			isa = PBXGroup;
			children = (
				16AD4AC223A447C700F350CA /* TerraTouchbar */,
				16AD4AC123A447C700F350CA /* Products */,
			);
			sourceTree = "<group>";
		};
		16AD4AC123A447C700F350CA /* Products */ = {
			isa = PBXGroup;
			children = (
				16AD4AC023A447C700F350CA /* TerraTouchbar.app */,
			);
			name = Products;
			sourceTree = "<group>";
		};
		16AD4AC223A447C700F350CA /* TerraTouchbar */ = {
			isa = PBXGroup;
			children = (
				16AD4AC323A447C700F350CA /* AppDelegate.swift */,
				16AD4AC523A447C700F350CA /* ViewController.swift */,
				16AD4AC723A447C700F350CA /* Assets.xcassets */,
				16AD4AC923A447C700F350CA /* Main.storyboard */,
				16AD4ACC23A447C700F350CA /* Info.plist */,
				16AD4ACD23A447C700F350CA /* TerraTouchbar.entitlements */,
			);
			path = TerraTouchbar;
			sourceTree = "<group>";
		};
/* End PBXGroup section */

/* Begin PBXNativeTarget section */
		16AD4ABF23A447C700F350CA /* TerraTouchbar */ = {
			isa = PBXNativeTarget;
			buildConfigurationList = 16AD4AD023A447C700F350CA /* Build configuration list for PBXNativeTarget "TerraTouchbar" */;
			buildPhases = (
				16AD4ABC23A447C700F350CA /* Sources */,
				16AD4ABD23A447C700F350CA /* Frameworks */,
				16AD4ABE23A447C700F350CA /* Resources */,
			);
			buildRules = (
			);
			dependencies = (
			);
			name = TerraTouchbar;
			productName = TerraTouchbar;
			productReference = 16AD4AC023A447C700F350CA /* TerraTouchbar.app */;
			productType = "com.apple.product-type.application";
		};
/* End PBXNativeTarget section */

/* Begin PBXProject section */
		16AD4AB823A447C700F350CA /* Project object */ = {
			isa = PBXProject;
			attributes = {
				LastSwiftUpdateCheck = 1130;
				LastUpgradeCheck = 1130;
				ORGANIZATIONNAME = JacobCXDev;
				TargetAttributes = {
					16AD4ABF23A447C700F350CA = {
						CreatedOnToolsVersion = 11.3;
					};
				};
			};
			buildConfigurationList = 16AD4ABB23A447C700F350CA /* Build configuration list for PBXProject "TerraTouchbar" */;
			compatibilityVersion = "Xcode 9.3";
			developmentRegion = en;
			hasScannedForEncodings = 0;
			knownRegions = (
				en,
				Base,
			);
			mainGroup = 16AD4AB723A447C700F350CA;
			productRefGroup = 16AD4AC123A447C700F350CA /* Products */;
			projectDirPath = "";
			projectRoot = "";
			targets = (
				16AD4ABF23A447C700F350CA /* TerraTouchbar */,
			);
		};
/* End PBXProject section */

/* Begin PBXResourcesBuildPhase section */
		16AD4ABE23A447C700F350CA /* Resources */ = {
			isa = PBXResourcesBuildPhase;
			buildActionMask = 2147483647;
			files = (
				16AD4AC823A447C700F350CA /* Assets.xcassets in Resources */,
				16AD4ACB23A447C700F350CA /* Main.storyboard in Resources */,
			);
			runOnlyForDeploymentPostprocessing = 0;
		};
/* End PBXResourcesBuildPhase section */

/* Begin PBXSourcesBuildPhase section */
		16AD4ABC23A447C700F350CA /* Sources */ = {
			isa = PBXSourcesBuildPhase;
			buildActionMask = 2147483647;
			files = (
				16AD4AC623A447C700F350CA /* ViewController.swift in Sources */,
				16AD4AC423A447C700F350CA /* AppDelegate.swift in Sources */,
			);
			runOnlyForDeploymentPostprocessing = 0;
		};
/* End PBXSourcesBuildPhase section */

/* Begin PBXVariantGroup section */
		16AD4AC923A447C700F350CA /* Main.storyboard */ = {
			isa = PBXVariantGroup;
			children = (
				16AD4ACA23A447C700F350CA /* Base */,
			);
			name = Main.storyboard;
			sourceTree = "<group>";
		};
/* End PBXVariantGroup section */

/* Begin XCBuildConfiguration section */
		16AD4ACE23A447C700F350CA /* Debug */ = {
			isa = XCBuildConfiguration;
			buildSettings = {
				ALWAYS_SEARCH_USER_PATHS = NO;
				CLANG_ANALYZER_NONNULL = YES;
				CLANG_ANALYZER_NUMBER_OBJECT_CONVERSION = YES_AGGRESSIVE;
				CLANG_CXX_LANGUAGE_STANDARD = "gnu++14";
				CLANG_CXX_LIBRARY = "libc++";
				CLANG_ENABLE_MODULES = YES;
				CLANG_ENABLE_OBJC_ARC = YES;
				CLANG_ENABLE_OBJC_WEAK = YES;
				CLANG_WARN_BLOCK_CAPTURE_AUTORELEASING = YES;
				CLANG_WARN_BOOL_CONVERSION = YES;
				CLANG_WARN_COMMA = YES;
				CLANG_WARN_CONSTANT_CONVERSION = YES;
				CLANG_WARN_DEPRECATED_OBJC_IMPLEMENTATIONS = YES;
				CLANG_WARN_DIRECT_OBJC_ISA_USAGE = YES_ERROR;
				CLANG_WARN_DOCUMENTATION_COMMENTS = YES;
				CLANG_WARN_EMPTY_BODY = YES;
				CLANG_WARN_ENUM_CONVERSION = YES;
				CLANG_WARN_INFINITE_RECURSION = YES;
				CLANG_WARN_INT_CONVERSION = YES;
				CLANG_WARN_NON_LITERAL_NULL_CONVERSION = YES;
				CLANG_WARN_OBJC_IMPLICIT_RETAIN_SELF = YES;
				CLANG_WARN_OBJC_LITERAL_CONVERSION = YES;
				CLANG_WARN_OBJC_ROOT_CLASS = YES_ERROR;
				CLANG_WARN_RANGE_LOOP_ANALYSIS = YES;
				CLANG_WARN_STRICT_PROTOTYPES = YES;
				CLANG_WARN_SUSPICIOUS_MOVE = YES;
				CLANG_WARN_UNGUARDED_AVAILABILITY = YES_AGGRESSIVE;
				CLANG_WARN_UNREACHABLE_CODE = YES;
				CLANG_WARN__DUPLICATE_METHOD_MATCH = YES;
				COPY_PHASE_STRIP = NO;
				DEBUG_INFORMATION_FORMAT = dwarf;
				ENABLE_STRICT_OBJC_MSGSEND = YES;
				ENABLE_TESTABILITY = YES;
				GCC_C_LANGUAGE_STANDARD = gnu11;
				GCC_DYNAMIC_NO_PIC = NO;
				GCC_NO_COMMON_BLOCKS = YES;
				GCC_OPTIMIZATION_LEVEL = 0;
				GCC_PREPROCESSOR_DEFINITIONS = (
					"DEBUG=1",
					"$(inherited)",
				);
				GCC_WARN_64_TO_32_BIT_CONVERSION = YES;
				GCC_WARN_ABOUT_RETURN_TYPE = YES_ERROR;
				GCC_WARN_UNDECLARED_SELECTOR = YES;
				GCC_WARN_UNINITIALIZED_AUTOS = YES_AGGRESSIVE;
				GCC_WARN_UNUSED_FUNCTION = YES;
				GCC_WARN_UNUSED_VARIABLE = YES;
				MACOSX_DEPLOYMENT_TARGET = 10.15;
				MTL_ENABLE_DEBUG_INFO = INCLUDE_SOURCE;
				MTL_FAST_MATH = YES;
				ONLY_ACTIVE_ARCH = YES;
				SDKROOT = macosx;
				SWIFT_ACTIVE_COMPILATION_CONDITIONS = DEBUG;
				SWIFT_OPTIMIZATION_LEVEL = "-Onone";
			};
			name = Debug;
		};
		16AD4ACF23A447C700F350CA /* Release */ = {
			isa = XCBuildConfiguration;
			buildSettings = {
				ALWAYS_SEARCH_USER_PATHS = NO;
				CLANG_ANALYZER_NONNULL = YES;
				CLANG_ANALYZER_NUMBER_OBJECT_CONVERSION = YES_AGGRESSIVE;
				CLANG_CXX_LANGUAGE_STANDARD = "gnu++14";
				CLANG_CXX_LIBRARY = "libc++";
				CLANG_ENABLE_MODULES = YES;
				CLANG_ENABLE_OBJC_ARC = YES;
				CLANG_ENABLE_OBJC_WEAK = YES;
				CLANG_WARN_BLOCK_CAPTURE_AUTORELEASING = YES;
				CLANG_WARN_BOOL_CONVERSION = YES;
				CLANG_WARN_COMMA = YES;
				CLANG_WARN_CONSTANT_CONVERSION = YES;
				CLANG_WARN_DEPRECATED_OBJC_IMPLEMENTATIONS = YES;
				CLANG_WARN_DIRECT_OBJC_ISA_USAGE = YES_ERROR;
				CLANG_WARN_DOCUMENTATION_COMMENTS = YES;
				CLANG_WARN_EMPTY_BODY = YES;
				CLANG_WARN_ENUM_CONVERSION = YES;
				CLANG_WARN_INFINITE_RECURSION = YES;
				CLANG_WARN_INT_CONVERSION = YES;
				CLANG_WARN_NON_LITERAL_NULL_CONVERSION = YES;
				CLANG_WARN_OBJC_IMPLICIT_RETAIN_SELF = YES;
				CLANG_WARN_OBJC_LITERAL_CONVERSION = YES;
				CLANG_WARN_OBJC_ROOT_CLASS = YES_ERROR;
				CLANG_WARN_RANGE_LOOP_ANALYSIS = YES;
				CLANG_WARN_STRICT_PROTOTYPES = YES;
				CLANG_WARN_SUSPICIOUS_MOVE = YES;
				CLANG_WARN_UNGUARDED_AVAILABILITY = YES_AGGRESSIVE;
				CLANG_WARN_UNREACHABLE_CODE = YES;
				CLANG_WARN__DUPLICATE_METHOD_MATCH = YES;
				COPY_PHASE_STRIP = NO;
				DEBUG_INFORMATION_FORMAT = "dwarf-with-dsym";
				ENABLE_NS_ASSERTIONS = NO;
				ENABLE_STRICT_OBJC_MSGSEND = YES;
				GCC_C_LANGUAGE_STANDARD = gnu11;
				GCC_NO_COMMON_BLOCKS = YES;
				GCC_WARN_64_TO_32_BIT_CONVERSION = YES;
				GCC_WARN_ABOUT_RETURN_TYPE = YES_ERROR;
				GCC_WARN_UNDECLARED_SELECTOR = YES;
				GCC_WARN_UNINITIALIZED_AUTOS = YES_AGGRESSIVE;
				GCC_WARN_UNUSED_FUNCTION = YES;
				GCC_WARN_UNUSED_VARIABLE = YES;
				MACOSX_DEPLOYMENT_TARGET = 10.15;
				MTL_ENABLE_DEBUG_INFO = NO;
				MTL_FAST_MATH = YES;
				SDKROOT = macosx;
				SWIFT_COMPILATION_MODE = wholemodule;
				SWIFT_OPTIMIZATION_LEVEL = "-O";
			};
			name = Release;
		};
		16AD4AD123A447C700F350CA /* Debug */ = {
			isa = XCBuildConfiguration;
			buildSettings = {
				ASSETCATALOG_COMPILER_APPICON_NAME = AppIcon;
				CODE_SIGN_ENTITLEMENTS = TerraTouchbar/TerraTouchbar.entitlements;
				CODE_SIGN_STYLE = Automatic;
				COMBINE_HIDPI_IMAGES = YES;
				DEVELOPMENT_TEAM = 9489Q3YVAN;
				ENABLE_HARDENED_RUNTIME = YES;
				INFOPLIST_FILE = TerraTouchbar/Info.plist;
				LD_RUNPATH_SEARCH_PATHS = (
					"$(inherited)",
					"@executable_path/../Frameworks",
				);
				PRODUCT_BUNDLE_IDENTIFIER = com.jacobcxdev.TerraTouchbar;
				PRODUCT_NAME = "$(TARGET_NAME)";
				SWIFT_VERSION = 5.0;
			};
			name = Debug;
		};
		16AD4AD223A447C700F350CA /* Release */ = {
			isa = XCBuildConfiguration;
			buildSettings = {
				ASSETCATALOG_COMPILER_APPICON_NAME = AppIcon;
				CODE_SIGN_ENTITLEMENTS = TerraTouchbar/TerraTouchbar.entitlements;
				CODE_SIGN_STYLE = Automatic;
				COMBINE_HIDPI_IMAGES = YES;
				DEVELOPMENT_TEAM = 9489Q3YVAN;
				ENABLE_HARDENED_RUNTIME = YES;
				INFOPLIST_FILE = TerraTouchbar/Info.plist;
				LD_RUNPATH_SEARCH_PATHS = (
					"$(inherited)",
					"@executable_path/../Frameworks",
				);
				PRODUCT_BUNDLE_IDENTIFIER = com.jacobcxdev.TerraTouchbar;
				PRODUCT_NAME = "$(TARGET_NAME)";
				SWIFT_VERSION = 5.0;
			};
			name = Release;
		};
/* End XCBuildConfiguration section */

/* Begin XCConfigurationList section */
		16AD4ABB23A447C700F350CA /* Build configuration list for PBXProject "TerraTouchbar" */ = {
			isa = XCConfigurationList;
			buildConfigurations = (
				16AD4ACE23A447C700F350CA /* Debug */,
				16AD4ACF23A447C700F350CA /* Release */,
			);
			defaultConfigurationIsVisible = 0;
			defaultConfigurationName = Release;
		};
		16AD4AD023A447C700F350CA /* Build configuration list for PBXNativeTarget "TerraTouchbar" */ = {
			isa = XCConfigurationList;
			buildConfigurations = (
				16AD4AD123A447C700F350CA /* Debug */,
				16AD4AD223A447C700F350CA /* Release */,
			);
			defaultConfigurationIsVisible = 0;
			defaultConfigurationName = Release;
		};
/* End XCConfigurationList section */
	};
	rootObject = 16AD4AB823A447C700F350CA /* Project object */;
}
